dependencies:
- name: alloy
  repository: https://grafana.github.io/helm-charts
  version: 1.13.0
- name: kube-prometheus-stack
  repository: oci://ghcr.io/prometheus-community/charts
  version: 91.4.1
- name: loki
  repository: oci://ghcr.io/grafana-community/helm-charts
  version: 18.13.7
digest: sha256:13e2aa615e2d3c1e86ac46c66649b97265d45ccbddad71e31eadf883bbe093c2
generated: "2026-09-30T10:28:13.718068-05:00"
